
Microsoft Visual Studio Solution File, Format Version 12.00
# Visual Studio 15
Project("{FAE04EC0-301F-11D3-BF4B-00C04F79EFBC}") = "UnityEditor.UI", "UnityEditor.UI.csproj", "{E7D41F98-A666-597C-48C0-83C6CFC1BE98}"
EndProject
Project("{FAE04EC0-301F-11D3-BF4B-00C04F79EFBC}") = "UnityEngine.UI", "UnityEngine.UI.csproj", "{CBCE6227-E1B1-6629-34D5-09A6470D04B9}"
EndProject
Project("{FAE04EC0-301F-11D3-BF4B-00C04F79EFBC}") = "Assembly-CSharp", "Assembly-CSharp.csproj", "{6113BD70-A292-BDFA-6DE7-15A30997D4D7}"
EndProject
Global
	GlobalSection(SolutionConfigurationPlatforms) = preSolution
		Debug|Any CPU = Debug|Any CPU
		Release|Any CPU = Release|Any CPU
	EndGlobalSection
	GlobalSection(ProjectConfigurationPlatforms) = postSolution
		{E7D41F98-A666-597C-48C0-83C6CFC1BE98}.Debug|Any CPU.ActiveCfg = Debug|Any CPU
		{E7D41F98-A666-597C-48C0-83C6CFC1BE98}.Debug|Any CPU.Build.0 = Debug|Any CPU
		{E7D41F98-A666-597C-48C0-83C6CFC1BE98}.Release|Any CPU.ActiveCfg = Release|Any CPU
		{E7D41F98-A666-597C-48C0-83C6CFC1BE98}.Release|Any CPU.Build.0 = Release|Any CPU
		{CBCE6227-E1B1-6629-34D5-09A6470D04B9}.Debug|Any CPU.ActiveCfg = Debug|Any CPU
		{CBCE6227-E1B1-6629-34D5-09A6470D04B9}.Debug|Any CPU.Build.0 = Debug|Any CPU
		{CBCE6227-E1B1-6629-34D5-09A6470D04B9}.Release|Any CPU.ActiveCfg = Release|Any CPU
		{CBCE6227-E1B1-6629-34D5-09A6470D04B9}.Release|Any CPU.Build.0 = Release|Any CPU
		{6113BD70-A292-BDFA-6DE7-15A30997D4D7}.Debug|Any CPU.ActiveCfg = Debug|Any CPU
		{6113BD70-A292-BDFA-6DE7-15A30997D4D7}.Debug|Any CPU.Build.0 = Debug|Any CPU
		{6113BD70-A292-BDFA-6DE7-15A30997D4D7}.Release|Any CPU.ActiveCfg = Release|Any CPU
		{6113BD70-A292-BDFA-6DE7-15A30997D4D7}.Release|Any CPU.Build.0 = Release|Any CPU
	EndGlobalSection
	GlobalSection(SolutionProperties) = preSolution
		HideSolutionNode = FALSE
	EndGlobalSection
EndGlobal
